// !$*UTF8*$!
{
	archiveVersion = 1;
	classes = {
	};
	objectVersion = 45;
	objects = {

/* Begin PBXBuildFile section */
		766FFC0010A4F57400B541E1 /* debug.perl in Resources */ = {isa = PBXBuildFile; fileRef = 766FFBFF10A4F57400B541E1 /* debug.perl */; };
		766FFC0810A51ADD00B541E1 /* com.twocanoes.debug.plist in Resources */ = {isa = PBXBuildFile; fileRef = 766FFC0710A51ADD00B541E1 /* com.twocanoes.debug.plist */; };
		768334DF10A780C8006EC9C6 /* DebugPref.tiff in Resources */ = {isa = PBXBuildFile; fileRef = 768334DE10A780C8006EC9C6 /* DebugPref.tiff */; };
		768334E110A780D2006EC9C6 /* bug.icns in Resources */ = {isa = PBXBuildFile; fileRef = 768334E010A780D2006EC9C6 /* bug.icns */; };
		8D202CEB0486D31800D8A456 /* DebugPref.h in Headers */ = {isa = PBXBuildFile; fileRef = F506C03C013D9D7901CA16C8 /* DebugPref.h */; };
		8D202CEF0486D31800D8A456 /* DebugPref.xib in Resources */ = {isa = PBXBuildFile; fileRef = F506C042013D9D8C01CA16C8 /* DebugPref.xib */; };
		8D202CF10486D31800D8A456 /* DebugPref.m in Sources */ = {isa = PBXBuildFile; fileRef = F506C03D013D9D7901CA16C8 /* DebugPref.m */; };
/* End PBXBuildFile section */

/* Begin PBXFileReference section */
		766FFBFF10A4F57400B541E1 /* debug.perl */ = {isa = PBXFileReference; fileEncoding = 4; lastKnownFileType = text.script.perl; path = debug.perl; sourceTree = "<group>"; };
		766FFC0710A51ADD00B541E1 /* com.twocanoes.debug.plist */ = {isa = PBXFileReference; fileEncoding = 4; lastKnownFileType = text.plist.xml; path = com.twocanoes.debug.plist; sourceTree = "<group>"; };
		768334DE10A780C8006EC9C6 /* DebugPref.tiff */ = {isa = PBXFileReference; lastKnownFileType = image.tiff; path = DebugPref.tiff; sourceTree = "<group>"; };
		768334E010A780D2006EC9C6 /* bug.icns */ = {isa = PBXFileReference; lastKnownFileType = image.icns; path = bug.icns; sourceTree = "<group>"; };
		8D202CF70486D31800D8A456 /* Info.plist */ = {isa = PBXFileReference; fileEncoding = 4; lastKnownFileType = text.plist; path = Info.plist; sourceTree = "<group>"; };
		8D202CF80486D31800D8A456 /* Debug.prefPane */ = {isa = PBXFileReference; explicitFileType = wrapper.cfbundle; includeInIndex = 0; path = Debug.prefPane; sourceTree = BUILT_PRODUCTS_DIR; };
		F506C03C013D9D7901CA16C8 /* DebugPref.h */ = {isa = PBXFileReference; fileEncoding = 4; lastKnownFileType = sourcecode.c.h; path = DebugPref.h; sourceTree = "<group>"; };
		F506C03D013D9D7901CA16C8 /* DebugPref.m */ = {isa = PBXFileReference; fileEncoding = 4; lastKnownFileType = sourcecode.c.objc; path = DebugPref.m; sourceTree = "<group>"; };
		F506C043013D9D8C01CA16C8 /* English */ = {isa = PBXFileReference; lastKnownFileType = file.xib; name = English; path = English.lproj/DebugPref.xib; sourceTree = "<group>"; };
/* End PBXFileReference section */

/* Begin PBXGroup section */
		089C166AFE841209C02AAC07 /* Debug */ = {
			isa = PBXGroup;
			children = (
				F506C03C013D9D7901CA16C8 /* DebugPref.h */,
				F506C03D013D9D7901CA16C8 /* DebugPref.m */,
				089C167CFE841241C02AAC07 /* Resources */,
				19C28FB8FE9D52D311CA2CBB /* Products */,
			);
			name = Debug;
			sourceTree = "<group>";
		};
		089C167CFE841241C02AAC07 /* Resources */ = {
			isa = PBXGroup;
			children = (
				768334E010A780D2006EC9C6 /* bug.icns */,
				768334DE10A780C8006EC9C6 /* DebugPref.tiff */,
				766FFC0710A51ADD00B541E1 /* com.twocanoes.debug.plist */,
				766FFBFF10A4F57400B541E1 /* debug.perl */,
				8D202CF70486D31800D8A456 /* Info.plist */,
				F506C042013D9D8C01CA16C8 /* DebugPref.xib */,
			);
			name = Resources;
			sourceTree = "<group>";
		};
		19C28FB8FE9D52D311CA2CBB /* Products */ = {
			isa = PBXGroup;
			children = (
				8D202CF80486D31800D8A456 /* Debug.prefPane */,
			);
			name = Products;
			sourceTree = "<group>";
		};
/* End PBXGroup section */

/* Begin PBXHeadersBuildPhase section */
		8D202CE90486D31800D8A456 /* Headers */ = {
			isa = PBXHeadersBuildPhase;
			buildActionMask = 2147483647;
			files = (
				8D202CEB0486D31800D8A456 /* DebugPref.h in Headers */,
			);
			runOnlyForDeploymentPostprocessing = 0;
		};
/* End PBXHeadersBuildPhase section */

/* Begin PBXNativeTarget section */
		8D202CE80486D31800D8A456 /* Debug */ = {
			isa = PBXNativeTarget;
			buildConfigurationList = 1DBD214808BA80EA00186707 /* Build configuration list for PBXNativeTarget "Debug" */;
			buildPhases = (
				8D202CE90486D31800D8A456 /* Headers */,
				8D202CEC0486D31800D8A456 /* Resources */,
				8D202CF00486D31800D8A456 /* Sources */,
			);
			buildRules = (
			);
			dependencies = (
			);
			name = Debug;
			productInstallPath = "$(HOME)/Library/PreferencePanes";
			productName = Debug;
			productReference = 8D202CF80486D31800D8A456 /* Debug.prefPane */;
			productType = "com.apple.product-type.bundle";
		};
/* End PBXNativeTarget section */

/* Begin PBXProject section */
		089C1669FE841209C02AAC07 /* Project object */ = {
			isa = PBXProject;
			attributes = {
			};
			buildConfigurationList = 1DBD214C08BA80EA00186707 /* Build configuration list for PBXProject "Debug" */;
			compatibilityVersion = "Xcode 3.1";
			developmentRegion = English;
			hasScannedForEncodings = 1;
			knownRegions = (
				en,
			);
			mainGroup = 089C166AFE841209C02AAC07 /* Debug */;
			projectDirPath = "";
			projectRoot = "";
			targets = (
				8D202CE80486D31800D8A456 /* Debug */,
			);
		};
/* End PBXProject section */

/* Begin PBXResourcesBuildPhase section */
		8D202CEC0486D31800D8A456 /* Resources */ = {
			isa = PBXResourcesBuildPhase;
			buildActionMask = 2147483647;
			files = (
				8D202CEF0486D31800D8A456 /* DebugPref.xib in Resources */,
				766FFC0010A4F57400B541E1 /* debug.perl in Resources */,
				766FFC0810A51ADD00B541E1 /* com.twocanoes.debug.plist in Resources */,
				768334DF10A780C8006EC9C6 /* DebugPref.tiff in Resources */,
				768334E110A780D2006EC9C6 /* bug.icns in Resources */,
			);
			runOnlyForDeploymentPostprocessing = 0;
		};
/* End PBXResourcesBuildPhase section */

/* Begin PBXSourcesBuildPhase section */
		8D202CF00486D31800D8A456 /* Sources */ = {
			isa = PBXSourcesBuildPhase;
			buildActionMask = 2147483647;
			files = (
				8D202CF10486D31800D8A456 /* DebugPref.m in Sources */,
			);
			runOnlyForDeploymentPostprocessing = 0;
		};
/* End PBXSourcesBuildPhase section */

/* Begin PBXVariantGroup section */
		F506C042013D9D8C01CA16C8 /* DebugPref.xib */ = {
			isa = PBXVariantGroup;
			children = (
				F506C043013D9D8C01CA16C8 /* English */,
			);
			name = DebugPref.xib;
			sourceTree = "<group>";
		};
/* End PBXVariantGroup section */

/* Begin XCBuildConfiguration section */
		1DBD214908BA80EA00186707 /* Debug */ = {
			isa = XCBuildConfiguration;
			buildSettings = {
				ARCHS = "$(ARCHS_STANDARD_64_BIT)";
				CLANG_ENABLE_OBJC_ARC = YES;
				COPY_PHASE_STRIP = NO;
				DEPLOYMENT_LOCATION = YES;
				DEPLOYMENT_POSTPROCESSING = YES;
				DSTROOT = "$(HOME)";
				GCC_DYNAMIC_NO_PIC = NO;
				GCC_ENABLE_FIX_AND_CONTINUE = YES;
				GCC_MODEL_TUNING = G5;
				GCC_OPTIMIZATION_LEVEL = 0;
				GCC_WARN_ABOUT_DEPRECATED_FUNCTIONS = NO;
				INFOPLIST_FILE = Info.plist;
				INSTALL_PATH = /Library/PreferencePanes;
				OTHER_LDFLAGS = (
					"-framework",
					AppKit,
					"-framework",
					Cocoa,
					"-framework",
					Security,
					"-framework",
					PreferencePanes,
				);
				PRODUCT_NAME = Debug;
				SDKROOT = macosx;
				WRAPPER_EXTENSION = prefPane;
				ZERO_LINK = YES;
			};
			name = Debug;
		};
		1DBD214A08BA80EA00186707 /* Release */ = {
			isa = XCBuildConfiguration;
			buildSettings = {
				ARCHS = "$(ARCHS_STANDARD_64_BIT)";
				CLANG_ENABLE_OBJC_ARC = YES;
				DEBUG_INFORMATION_FORMAT = "dwarf-with-dsym";
				DEPLOYMENT_LOCATION = YES;
				DEPLOYMENT_POSTPROCESSING = YES;
				DSTROOT = "$(HOME)";
				GCC_MODEL_TUNING = G5;
				GCC_WARN_ABOUT_DEPRECATED_FUNCTIONS = NO;
				INFOPLIST_FILE = Info.plist;
				INSTALL_PATH = /Library/PreferencePanes;
				OTHER_LDFLAGS = (
					"-framework",
					AppKit,
					"-framework",
					Cocoa,
					"-framework",
					Security,
					"-framework",
					PreferencePanes,
				);
				PRODUCT_NAME = Debug;
				SDKROOT = macosx;
				WRAPPER_EXTENSION = prefPane;
			};
			name = Release;
		};
		1DBD214D08BA80EA00186707 /* Debug */ = {
			isa = XCBuildConfiguration;
			buildSettings = {
				ARCHS = "$(ARCHS_STANDARD_32_64_BIT)";
				GCC_C_LANGUAGE_STANDARD = gnu99;
				GCC_WARN_ABOUT_RETURN_TYPE = YES;
				GCC_WARN_UNUSED_VARIABLE = YES;
				ONLY_ACTIVE_ARCH = YES;
				PREBINDING = NO;
				SDKROOT = macosx10.6;
				VALID_ARCHS = "i386 ppc x86_64";
			};
			name = Debug;
		};
		1DBD214E08BA80EA00186707 /* Release */ = {
			isa = XCBuildConfiguration;
			buildSettings = {
				ARCHS = "$(ARCHS_STANDARD_32_64_BIT)";
				GCC_C_LANGUAGE_STANDARD = gnu99;
				GCC_WARN_ABOUT_RETURN_TYPE = YES;
				GCC_WARN_UNUSED_VARIABLE = YES;
				PREBINDING = NO;
				SDKROOT = macosx10.6;
				VALID_ARCHS = "i386 ppc x86_64";
			};
			name = Release;
		};
/* End XCBuildConfiguration section */

/* Begin XCConfigurationList section */
		1DBD214808BA80EA00186707 /* Build configuration list for PBXNativeTarget "Debug" */ = {
			isa = XCConfigurationList;
			buildConfigurations = (
				1DBD214908BA80EA00186707 /* Debug */,
				1DBD214A08BA80EA00186707 /* Release */,
			);
			defaultConfigurationIsVisible = 0;
			defaultConfigurationName = Release;
		};
		1DBD214C08BA80EA00186707 /* Build configuration list for PBXProject "Debug" */ = {
			isa = XCConfigurationList;
			buildConfigurations = (
				1DBD214D08BA80EA00186707 /* Debug */,
				1DBD214E08BA80EA00186707 /* Release */,
			);
			defaultConfigurationIsVisible = 0;
			defaultConfigurationName = Release;
		};
/* End XCConfigurationList section */
	};
	rootObject = 089C1669FE841209C02AAC07 /* Project object */;
}
